
Microsoft Visual Studio Solution File, Format Version 12.00
# Visual Studio Version 17
VisualStudioVersion = 17.0.31903.59
MinimumVisualStudioVersion = 10.0.40219.1
Project("{2150E333-8FDC-42A3-9474-1A3956D46DE8}") = "Services", "Services", "{904AB80E-2FBF-45CA-8489-DC39944543CD}"
EndProject
Project("{2150E333-8FDC-42A3-9474-1A3956D46DE8}") = "Identity", "Identity", "{E957A7BA-8FC5-457A-BFE7-56C1AE206AC3}"
EndProject
Project("{2150E333-8FDC-42A3-9474-1A3956D46DE8}") = "MasterData", "MasterData", "{53A28B58-FEF4-4195-BDD6-0953D51B3424}"
EndProject
Project("{9A19103F-16F7-4668-BE54-9A1E7A4F7556}") = "MasterData.Application", "Services\MasterData\MasterData.Application\MasterData.Application.csproj", "{348DF765-E8CE-42C3-9676-3144FA387195}"
EndProject
Project("{9A19103F-16F7-4668-BE54-9A1E7A4F7556}") = "MasterData.Domain", "Services\MasterData\MasterData.Domain\MasterData.Domain.csproj", "{61DFFA21-BC0E-435C-91EB-FB8C48AE4206}"
EndProject
Project("{9A19103F-16F7-4668-BE54-9A1E7A4F7556}") = "MasterData.Infrastructure", "Services\MasterData\MasterData.Infrastructure\MasterData.Infrastructure.csproj", "{D6FA7452-72E6-43CA-B9B7-4D45CB5BEA99}"
EndProject
Project("{9A19103F-16F7-4668-BE54-9A1E7A4F7556}") = "MasterData.API", "Services\MasterData\MasterData.API\MasterData.API.csproj", "{FCD695A9-F056-4DAE-9898-43D34132AB5F}"
EndProject
Project("{E53339B2-1760-4266-BCC7-CA923CBCF16C}") = "docker-compose", "docker-compose.dcproj", "{3398EA15-621F-4034-B068-FE4B87E08C99}"
EndProject
Project("{9A19103F-16F7-4668-BE54-9A1E7A4F7556}") = "PetProject.APIGateway", "PetProject.APIGateway\PetProject.APIGateway.csproj", "{AAADD257-22BB-4C4F-A1C1-EAB2658805BC}"
EndProject
Project("{9A19103F-16F7-4668-BE54-9A1E7A4F7556}") = "Identity.API", "Services\Identity\Identity.API\Identity.API.csproj", "{EC1791C7-6CCC-4240-A2FC-D0AEEE713E1B}"
EndProject
Project("{9A19103F-16F7-4668-BE54-9A1E7A4F7556}") = "Identity.Service", "Services\Identity\Identity.Service\Identity.Service.csproj", "{F44077AE-D778-423E-8FA5-136AE0F2C196}"
EndProject
Project("{9A19103F-16F7-4668-BE54-9A1E7A4F7556}") = "TokenManageHandler", "TokenManageHandler\TokenManageHandler.csproj", "{A20E72BE-A948-44E7-8201-A6C8FEACFEB1}"
EndProject
Global
	GlobalSection(SolutionConfigurationPlatforms) = preSolution
		Debug|Any CPU = Debug|Any CPU
		Release|Any CPU = Release|Any CPU
	EndGlobalSection
	GlobalSection(ProjectConfigurationPlatforms) = postSolution
		{348DF765-E8CE-42C3-9676-3144FA387195}.Debug|Any CPU.ActiveCfg = Debug|Any CPU
		{348DF765-E8CE-42C3-9676-3144FA387195}.Debug|Any CPU.Build.0 = Debug|Any CPU
		{348DF765-E8CE-42C3-9676-3144FA387195}.Release|Any CPU.ActiveCfg = Release|Any CPU
		{348DF765-E8CE-42C3-9676-3144FA387195}.Release|Any CPU.Build.0 = Release|Any CPU
		{61DFFA21-BC0E-435C-91EB-FB8C48AE4206}.Debug|Any CPU.ActiveCfg = Debug|Any CPU
		{61DFFA21-BC0E-435C-91EB-FB8C48AE4206}.Debug|Any CPU.Build.0 = Debug|Any CPU
		{61DFFA21-BC0E-435C-91EB-FB8C48AE4206}.Release|Any CPU.ActiveCfg = Release|Any CPU
		{61DFFA21-BC0E-435C-91EB-FB8C48AE4206}.Release|Any CPU.Build.0 = Release|Any CPU
		{D6FA7452-72E6-43CA-B9B7-4D45CB5BEA99}.Debug|Any CPU.ActiveCfg = Debug|Any CPU
		{D6FA7452-72E6-43CA-B9B7-4D45CB5BEA99}.Debug|Any CPU.Build.0 = Debug|Any CPU
		{D6FA7452-72E6-43CA-B9B7-4D45CB5BEA99}.Release|Any CPU.ActiveCfg = Release|Any CPU
		{D6FA7452-72E6-43CA-B9B7-4D45CB5BEA99}.Release|Any CPU.Build.0 = Release|Any CPU
		{FCD695A9-F056-4DAE-9898-43D34132AB5F}.Debug|Any CPU.ActiveCfg = Debug|Any CPU
		{FCD695A9-F056-4DAE-9898-43D34132AB5F}.Debug|Any CPU.Build.0 = Debug|Any CPU
		{FCD695A9-F056-4DAE-9898-43D34132AB5F}.Release|Any CPU.ActiveCfg = Release|Any CPU
		{FCD695A9-F056-4DAE-9898-43D34132AB5F}.Release|Any CPU.Build.0 = Release|Any CPU
		{3398EA15-621F-4034-B068-FE4B87E08C99}.Debug|Any CPU.ActiveCfg = Debug|Any CPU
		{3398EA15-621F-4034-B068-FE4B87E08C99}.Debug|Any CPU.Build.0 = Debug|Any CPU
		{3398EA15-621F-4034-B068-FE4B87E08C99}.Release|Any CPU.ActiveCfg = Release|Any CPU
		{3398EA15-621F-4034-B068-FE4B87E08C99}.Release|Any CPU.Build.0 = Release|Any CPU
		{AAADD257-22BB-4C4F-A1C1-EAB2658805BC}.Debug|Any CPU.ActiveCfg = Debug|Any CPU
		{AAADD257-22BB-4C4F-A1C1-EAB2658805BC}.Debug|Any CPU.Build.0 = Debug|Any CPU
		{AAADD257-22BB-4C4F-A1C1-EAB2658805BC}.Release|Any CPU.ActiveCfg = Release|Any CPU
		{AAADD257-22BB-4C4F-A1C1-EAB2658805BC}.Release|Any CPU.Build.0 = Release|Any CPU
		{EC1791C7-6CCC-4240-A2FC-D0AEEE713E1B}.Debug|Any CPU.ActiveCfg = Debug|Any CPU
		{EC1791C7-6CCC-4240-A2FC-D0AEEE713E1B}.Debug|Any CPU.Build.0 = Debug|Any CPU
		{EC1791C7-6CCC-4240-A2FC-D0AEEE713E1B}.Release|Any CPU.ActiveCfg = Release|Any CPU
		{EC1791C7-6CCC-4240-A2FC-D0AEEE713E1B}.Release|Any CPU.Build.0 = Release|Any CPU
		{F44077AE-D778-423E-8FA5-136AE0F2C196}.Debug|Any CPU.ActiveCfg = Debug|Any CPU
		{F44077AE-D778-423E-8FA5-136AE0F2C196}.Debug|Any CPU.Build.0 = Debug|Any CPU
		{F44077AE-D778-423E-8FA5-136AE0F2C196}.Release|Any CPU.ActiveCfg = Release|Any CPU
		{F44077AE-D778-423E-8FA5-136AE0F2C196}.Release|Any CPU.Build.0 = Release|Any CPU
		{A20E72BE-A948-44E7-8201-A6C8FEACFEB1}.Debug|Any CPU.ActiveCfg = Debug|Any CPU
		{A20E72BE-A948-44E7-8201-A6C8FEACFEB1}.Debug|Any CPU.Build.0 = Debug|Any CPU
		{A20E72BE-A948-44E7-8201-A6C8FEACFEB1}.Release|Any CPU.ActiveCfg = Release|Any CPU
		{A20E72BE-A948-44E7-8201-A6C8FEACFEB1}.Release|Any CPU.Build.0 = Release|Any CPU
	EndGlobalSection
	GlobalSection(SolutionProperties) = preSolution
		HideSolutionNode = FALSE
	EndGlobalSection
	GlobalSection(NestedProjects) = preSolution
		{E957A7BA-8FC5-457A-BFE7-56C1AE206AC3} = {904AB80E-2FBF-45CA-8489-DC39944543CD}
		{53A28B58-FEF4-4195-BDD6-0953D51B3424} = {904AB80E-2FBF-45CA-8489-DC39944543CD}
		{348DF765-E8CE-42C3-9676-3144FA387195} = {53A28B58-FEF4-4195-BDD6-0953D51B3424}
		{61DFFA21-BC0E-435C-91EB-FB8C48AE4206} = {53A28B58-FEF4-4195-BDD6-0953D51B3424}
		{D6FA7452-72E6-43CA-B9B7-4D45CB5BEA99} = {53A28B58-FEF4-4195-BDD6-0953D51B3424}
		{FCD695A9-F056-4DAE-9898-43D34132AB5F} = {53A28B58-FEF4-4195-BDD6-0953D51B3424}
		{EC1791C7-6CCC-4240-A2FC-D0AEEE713E1B} = {E957A7BA-8FC5-457A-BFE7-56C1AE206AC3}
		{F44077AE-D778-423E-8FA5-136AE0F2C196} = {E957A7BA-8FC5-457A-BFE7-56C1AE206AC3}
	EndGlobalSection
	GlobalSection(ExtensibilityGlobals) = postSolution
		SolutionGuid = {376A93A3-F747-4141-9191-63F9FC939BEF}
	EndGlobalSection
EndGlobal
