
Microsoft Visual Studio Solution File, Format Version 12.00
# Visual Studio Version 17
VisualStudioVersion = 17.0.31903.59
MinimumVisualStudioVersion = 10.0.40219.1
Project("{2150E333-8FDC-42A3-9474-1A3956D46DE8}") = "Services", "Services", "{904AB80E-2FBF-45CA-8489-DC39944543CD}"
EndProject
Project("{2150E333-8FDC-42A3-9474-1A3956D46DE8}") = "Solution Items", "Solution Items", "{3FA9DD42-E6BB-4023-8C09-94699A3F2E46}"
	ProjectSection(SolutionItems) = preProject
		docker-compose.yml = docker-compose.yml
	EndProjectSection
EndProject
Project("{2150E333-8FDC-42A3-9474-1A3956D46DE8}") = "Identity", "Identity", "{E957A7BA-8FC5-457A-BFE7-56C1AE206AC3}"
EndProject
Project("{2150E333-8FDC-42A3-9474-1A3956D46DE8}") = "MasterData", "MasterData", "{53A28B58-FEF4-4195-BDD6-0953D51B3424}"
	ProjectSection(SolutionItems) = preProject
		CreateTable.sql = CreateTable.sql
	EndProjectSection
EndProject
Project("{9A19103F-16F7-4668-BE54-9A1E7A4F7556}") = "Identity", "Services\Identity\API\Identity.csproj", "{E5F49FE9-81E6-4969-8783-68D097028D5D}"
EndProject
Project("{9A19103F-16F7-4668-BE54-9A1E7A4F7556}") = "MasterData", "Services\MasterData\API\MasterData.csproj", "{BE57B043-8996-4B12-8677-3DC259B48DAA}"
EndProject
Project("{9A19103F-16F7-4668-BE54-9A1E7A4F7556}") = "Infrastructure", "Services\Identity\Infrastructure\Infrastructure.csproj", "{0656B1AC-F277-487C-A889-552EE94AA327}"
EndProject
Project("{9A19103F-16F7-4668-BE54-9A1E7A4F7556}") = "Core", "Services\Identity\Core\Core.csproj", "{99D916BA-5C34-4D6F-9296-05F205F4A7F8}"
EndProject
Project("{9A19103F-16F7-4668-BE54-9A1E7A4F7556}") = "Core", "Services\MasterData\Core\Core.csproj", "{2075A766-403F-42CD-BCBB-F0D04691BBE0}"
EndProject
Project("{9A19103F-16F7-4668-BE54-9A1E7A4F7556}") = "Infrastructure", "Services\MasterData\Infrastructure\Infrastructure.csproj", "{93860497-AA00-47F9-9B37-AD8AC74644D1}"
EndProject
Global
	GlobalSection(SolutionConfigurationPlatforms) = preSolution
		Debug|Any CPU = Debug|Any CPU
		Release|Any CPU = Release|Any CPU
	EndGlobalSection
	GlobalSection(ProjectConfigurationPlatforms) = postSolution
		{E5F49FE9-81E6-4969-8783-68D097028D5D}.Debug|Any CPU.ActiveCfg = Debug|Any CPU
		{E5F49FE9-81E6-4969-8783-68D097028D5D}.Debug|Any CPU.Build.0 = Debug|Any CPU
		{E5F49FE9-81E6-4969-8783-68D097028D5D}.Release|Any CPU.ActiveCfg = Release|Any CPU
		{E5F49FE9-81E6-4969-8783-68D097028D5D}.Release|Any CPU.Build.0 = Release|Any CPU
		{BE57B043-8996-4B12-8677-3DC259B48DAA}.Debug|Any CPU.ActiveCfg = Debug|Any CPU
		{BE57B043-8996-4B12-8677-3DC259B48DAA}.Debug|Any CPU.Build.0 = Debug|Any CPU
		{BE57B043-8996-4B12-8677-3DC259B48DAA}.Release|Any CPU.ActiveCfg = Release|Any CPU
		{BE57B043-8996-4B12-8677-3DC259B48DAA}.Release|Any CPU.Build.0 = Release|Any CPU
		{0656B1AC-F277-487C-A889-552EE94AA327}.Debug|Any CPU.ActiveCfg = Debug|Any CPU
		{0656B1AC-F277-487C-A889-552EE94AA327}.Debug|Any CPU.Build.0 = Debug|Any CPU
		{0656B1AC-F277-487C-A889-552EE94AA327}.Release|Any CPU.ActiveCfg = Release|Any CPU
		{0656B1AC-F277-487C-A889-552EE94AA327}.Release|Any CPU.Build.0 = Release|Any CPU
		{99D916BA-5C34-4D6F-9296-05F205F4A7F8}.Debug|Any CPU.ActiveCfg = Debug|Any CPU
		{99D916BA-5C34-4D6F-9296-05F205F4A7F8}.Debug|Any CPU.Build.0 = Debug|Any CPU
		{99D916BA-5C34-4D6F-9296-05F205F4A7F8}.Release|Any CPU.ActiveCfg = Release|Any CPU
		{99D916BA-5C34-4D6F-9296-05F205F4A7F8}.Release|Any CPU.Build.0 = Release|Any CPU
		{2075A766-403F-42CD-BCBB-F0D04691BBE0}.Debug|Any CPU.ActiveCfg = Debug|Any CPU
		{2075A766-403F-42CD-BCBB-F0D04691BBE0}.Debug|Any CPU.Build.0 = Debug|Any CPU
		{2075A766-403F-42CD-BCBB-F0D04691BBE0}.Release|Any CPU.ActiveCfg = Release|Any CPU
		{2075A766-403F-42CD-BCBB-F0D04691BBE0}.Release|Any CPU.Build.0 = Release|Any CPU
		{93860497-AA00-47F9-9B37-AD8AC74644D1}.Debug|Any CPU.ActiveCfg = Debug|Any CPU
		{93860497-AA00-47F9-9B37-AD8AC74644D1}.Debug|Any CPU.Build.0 = Debug|Any CPU
		{93860497-AA00-47F9-9B37-AD8AC74644D1}.Release|Any CPU.ActiveCfg = Release|Any CPU
		{93860497-AA00-47F9-9B37-AD8AC74644D1}.Release|Any CPU.Build.0 = Release|Any CPU
	EndGlobalSection
	GlobalSection(SolutionProperties) = preSolution
		HideSolutionNode = FALSE
	EndGlobalSection
	GlobalSection(NestedProjects) = preSolution
		{E957A7BA-8FC5-457A-BFE7-56C1AE206AC3} = {904AB80E-2FBF-45CA-8489-DC39944543CD}
		{53A28B58-FEF4-4195-BDD6-0953D51B3424} = {904AB80E-2FBF-45CA-8489-DC39944543CD}
		{E5F49FE9-81E6-4969-8783-68D097028D5D} = {E957A7BA-8FC5-457A-BFE7-56C1AE206AC3}
		{BE57B043-8996-4B12-8677-3DC259B48DAA} = {53A28B58-FEF4-4195-BDD6-0953D51B3424}
		{0656B1AC-F277-487C-A889-552EE94AA327} = {E957A7BA-8FC5-457A-BFE7-56C1AE206AC3}
		{99D916BA-5C34-4D6F-9296-05F205F4A7F8} = {E957A7BA-8FC5-457A-BFE7-56C1AE206AC3}
		{2075A766-403F-42CD-BCBB-F0D04691BBE0} = {53A28B58-FEF4-4195-BDD6-0953D51B3424}
		{93860497-AA00-47F9-9B37-AD8AC74644D1} = {53A28B58-FEF4-4195-BDD6-0953D51B3424}
	EndGlobalSection
	GlobalSection(ExtensibilityGlobals) = postSolution
		SolutionGuid = {376A93A3-F747-4141-9191-63F9FC939BEF}
	EndGlobalSection
EndGlobal
