
Microsoft Visual Studio Solution File, Format Version 12.00
# Visual Studio Version 17
VisualStudioVersion = 17.0.31903.59
MinimumVisualStudioVersion = 10.0.40219.1
Project("{2150E333-8FDC-42A3-9474-1A3956D46DE8}") = "Services", "Services", "{904AB80E-2FBF-45CA-8489-DC39944543CD}"
EndProject
Project("{2150E333-8FDC-42A3-9474-1A3956D46DE8}") = "Solution Items", "Solution Items", "{3FA9DD42-E6BB-4023-8C09-94699A3F2E46}"
	ProjectSection(SolutionItems) = preProject
		docker-compose.yml = docker-compose.yml
	EndProjectSection
EndProject
Project("{2150E333-8FDC-42A3-9474-1A3956D46DE8}") = "Identity", "Identity", "{E957A7BA-8FC5-457A-BFE7-56C1AE206AC3}"
EndProject
Project("{2150E333-8FDC-42A3-9474-1A3956D46DE8}") = "MasterData", "MasterData", "{53A28B58-FEF4-4195-BDD6-0953D51B3424}"
EndProject
Project("{9A19103F-16F7-4668-BE54-9A1E7A4F7556}") = "Identity", "Services\Identity\API\Identity.csproj", "{E5F49FE9-81E6-4969-8783-68D097028D5D}"
EndProject
Project("{FAE04EC0-301F-11D3-BF4B-00C04F79EFBC}") = "Core", "Services\Identity\Core\Core\Core.csproj", "{FA4697DB-A46A-4E13-A83E-1BF5BC0B5DE5}"
EndProject
Project("{FAE04EC0-301F-11D3-BF4B-00C04F79EFBC}") = "Infrastrucure", "Services\Identity\Infrastructure\Infrastrucure\Infrastrucure.csproj", "{117E593C-B7AE-4C62-9718-31A7F1A8A3E3}"
EndProject
Project("{9A19103F-16F7-4668-BE54-9A1E7A4F7556}") = "MasterData", "Services\MasterData\API\MasterData.csproj", "{BE57B043-8996-4B12-8677-3DC259B48DAA}"
EndProject
Project("{FAE04EC0-301F-11D3-BF4B-00C04F79EFBC}") = "Core", "Services\MasterData\Core\Core\Core.csproj", "{59603BD8-E339-44DE-8151-CB6638CDCD4C}"
EndProject
Project("{FAE04EC0-301F-11D3-BF4B-00C04F79EFBC}") = "Infrastructure", "Services\MasterData\Infrastructure\Infrastructure\Infrastructure.csproj", "{41CE5901-CFFB-4ECD-AE57-33DA404FC7AA}"
EndProject
Global
	GlobalSection(SolutionConfigurationPlatforms) = preSolution
		Debug|Any CPU = Debug|Any CPU
		Release|Any CPU = Release|Any CPU
	EndGlobalSection
	GlobalSection(ProjectConfigurationPlatforms) = postSolution
		{E5F49FE9-81E6-4969-8783-68D097028D5D}.Debug|Any CPU.ActiveCfg = Debug|Any CPU
		{E5F49FE9-81E6-4969-8783-68D097028D5D}.Debug|Any CPU.Build.0 = Debug|Any CPU
		{E5F49FE9-81E6-4969-8783-68D097028D5D}.Release|Any CPU.ActiveCfg = Release|Any CPU
		{E5F49FE9-81E6-4969-8783-68D097028D5D}.Release|Any CPU.Build.0 = Release|Any CPU
		{FA4697DB-A46A-4E13-A83E-1BF5BC0B5DE5}.Debug|Any CPU.ActiveCfg = Debug|Any CPU
		{FA4697DB-A46A-4E13-A83E-1BF5BC0B5DE5}.Debug|Any CPU.Build.0 = Debug|Any CPU
		{FA4697DB-A46A-4E13-A83E-1BF5BC0B5DE5}.Release|Any CPU.ActiveCfg = Release|Any CPU
		{FA4697DB-A46A-4E13-A83E-1BF5BC0B5DE5}.Release|Any CPU.Build.0 = Release|Any CPU
		{117E593C-B7AE-4C62-9718-31A7F1A8A3E3}.Debug|Any CPU.ActiveCfg = Debug|Any CPU
		{117E593C-B7AE-4C62-9718-31A7F1A8A3E3}.Debug|Any CPU.Build.0 = Debug|Any CPU
		{117E593C-B7AE-4C62-9718-31A7F1A8A3E3}.Release|Any CPU.ActiveCfg = Release|Any CPU
		{117E593C-B7AE-4C62-9718-31A7F1A8A3E3}.Release|Any CPU.Build.0 = Release|Any CPU
		{BE57B043-8996-4B12-8677-3DC259B48DAA}.Debug|Any CPU.ActiveCfg = Debug|Any CPU
		{BE57B043-8996-4B12-8677-3DC259B48DAA}.Debug|Any CPU.Build.0 = Debug|Any CPU
		{BE57B043-8996-4B12-8677-3DC259B48DAA}.Release|Any CPU.ActiveCfg = Release|Any CPU
		{BE57B043-8996-4B12-8677-3DC259B48DAA}.Release|Any CPU.Build.0 = Release|Any CPU
		{59603BD8-E339-44DE-8151-CB6638CDCD4C}.Debug|Any CPU.ActiveCfg = Debug|Any CPU
		{59603BD8-E339-44DE-8151-CB6638CDCD4C}.Debug|Any CPU.Build.0 = Debug|Any CPU
		{59603BD8-E339-44DE-8151-CB6638CDCD4C}.Release|Any CPU.ActiveCfg = Release|Any CPU
		{59603BD8-E339-44DE-8151-CB6638CDCD4C}.Release|Any CPU.Build.0 = Release|Any CPU
		{41CE5901-CFFB-4ECD-AE57-33DA404FC7AA}.Debug|Any CPU.ActiveCfg = Debug|Any CPU
		{41CE5901-CFFB-4ECD-AE57-33DA404FC7AA}.Debug|Any CPU.Build.0 = Debug|Any CPU
		{41CE5901-CFFB-4ECD-AE57-33DA404FC7AA}.Release|Any CPU.ActiveCfg = Release|Any CPU
		{41CE5901-CFFB-4ECD-AE57-33DA404FC7AA}.Release|Any CPU.Build.0 = Release|Any CPU
	EndGlobalSection
	GlobalSection(SolutionProperties) = preSolution
		HideSolutionNode = FALSE
	EndGlobalSection
	GlobalSection(NestedProjects) = preSolution
		{E957A7BA-8FC5-457A-BFE7-56C1AE206AC3} = {904AB80E-2FBF-45CA-8489-DC39944543CD}
		{53A28B58-FEF4-4195-BDD6-0953D51B3424} = {904AB80E-2FBF-45CA-8489-DC39944543CD}
		{E5F49FE9-81E6-4969-8783-68D097028D5D} = {E957A7BA-8FC5-457A-BFE7-56C1AE206AC3}
		{FA4697DB-A46A-4E13-A83E-1BF5BC0B5DE5} = {E957A7BA-8FC5-457A-BFE7-56C1AE206AC3}
		{117E593C-B7AE-4C62-9718-31A7F1A8A3E3} = {E957A7BA-8FC5-457A-BFE7-56C1AE206AC3}
		{BE57B043-8996-4B12-8677-3DC259B48DAA} = {53A28B58-FEF4-4195-BDD6-0953D51B3424}
		{59603BD8-E339-44DE-8151-CB6638CDCD4C} = {53A28B58-FEF4-4195-BDD6-0953D51B3424}
		{41CE5901-CFFB-4ECD-AE57-33DA404FC7AA} = {53A28B58-FEF4-4195-BDD6-0953D51B3424}
	EndGlobalSection
	GlobalSection(ExtensibilityGlobals) = postSolution
		SolutionGuid = {376A93A3-F747-4141-9191-63F9FC939BEF}
	EndGlobalSection
EndGlobal
